
Microsoft Visual Studio Solution File, Format Version 12.00
# Visual Studio Version 16
VisualStudioVersion = 16.0.32602.291
MinimumVisualStudioVersion = 10.0.40219.1
Project("{FAE04EC0-301F-11D3-BF4B-00C04F79EFBC}") = "Binary2Decimal", "Binary2Decimal\Binary2Decimal.csproj", "{60726A48-6651-4B5B-BC34-087314C513E7}"
EndProject
Global
	GlobalSection(SolutionConfigurationPlatforms) = preSolution
		Debug|Any CPU = Debug|Any CPU
		Release|Any CPU = Release|Any CPU
	EndGlobalSection
	GlobalSection(ProjectConfigurationPlatforms) = postSolution
		{60726A48-6651-4B5B-BC34-087314C513E7}.Debug|Any CPU.ActiveCfg = Debug|Any CPU
		{60726A48-6651-4B5B-BC34-087314C513E7}.Debug|Any CPU.Build.0 = Debug|Any CPU
		{60726A48-6651-4B5B-BC34-087314C513E7}.Release|Any CPU.ActiveCfg = Release|Any CPU
		{60726A48-6651-4B5B-BC34-087314C513E7}.Release|Any CPU.Build.0 = Release|Any CPU
	EndGlobalSection
	GlobalSection(SolutionProperties) = preSolution
		HideSolutionNode = FALSE
	EndGlobalSection
	GlobalSection(ExtensibilityGlobals) = postSolution
		SolutionGuid = {921F9CF5-554C-4AB3-8E6A-51920B55A068}
	EndGlobalSection
EndGlobal
